{
    "requires": true,
    "lockfileVersion": 1,
    "dependencies": {
        "pqgrid": {
            "version": "8.6.0",
            "resolved": "https://registry.npmjs.org/pqgrid/-/pqgrid-8.6.0.tgz",
            "integrity": "sha512-hYdc3fQZ76NbOLxFNySELVv8O+AesqLc27GtCkiqwS7meQ8c7znYjvZqBEEIBSpD5lhsgpZlNgiLhOx/+WqF7A=="
        }
    }
}
